
Microsoft Visual Studio Solution File, Format Version 12.00
# Visual Studio Version 17
VisualStudioVersion = 17.3.32922.545
MinimumVisualStudioVersion = 10.0.40219.1
Project("{2150E333-8FDC-42A3-9474-1A3956D46DE8}") = "ClaseII", "ClaseII", "{7BBA1A62-6F35-4F63-9946-32A84791165F}"
EndProject
Project("{9A19103F-16F7-4668-BE54-9A1E7A4F7556}") = "Test", "Test\Test.csproj", "{8C8B8B7C-B614-40BC-8F02-3FF4BBED27EF}"
EndProject
Project("{9A19103F-16F7-4668-BE54-9A1E7A4F7556}") = "POO1", "POO1\POO1.csproj", "{7FE5B9BB-9016-4FC6-B218-85E05C0DF354}"
EndProject
Project("{9A19103F-16F7-4668-BE54-9A1E7A4F7556}") = "Asociaciones", "Asociaciones\Asociaciones.csproj", "{E4B1F828-4EDD-43F8-A5CA-0664D9E8405C}"
EndProject
Project("{9A19103F-16F7-4668-BE54-9A1E7A4F7556}") = "DotNet1", "DotNet1\DotNet1.csproj", "{B4BD4E08-3DA8-44EE-A561-74FBD531EEAD}"
EndProject
Project("{9A19103F-16F7-4668-BE54-9A1E7A4F7556}") = "EFC_Asociaciones", "EFC_Asociaciones\EFC_Asociaciones.csproj", "{F22B92C0-E93E-4B07-ACCE-EA1EDCFE82D7}"
EndProject
Project("{9A19103F-16F7-4668-BE54-9A1E7A4F7556}") = "ASPNET1", "ASPNET1\ASPNET1.csproj", "{2400C245-0B8A-49A8-9534-A2546A4EE1C2}"
EndProject
Project("{FAE04EC0-301F-11D3-BF4B-00C04F79EFBC}") = "ASPNET2", "ASPNET2\ASPNET2.csproj", "{293EB30F-72D6-4D36-B384-7DA839DAD5EC}"
EndProject
Global
	GlobalSection(SolutionConfigurationPlatforms) = preSolution
		Debug|Any CPU = Debug|Any CPU
		Release|Any CPU = Release|Any CPU
	EndGlobalSection
	GlobalSection(ProjectConfigurationPlatforms) = postSolution
		{8C8B8B7C-B614-40BC-8F02-3FF4BBED27EF}.Debug|Any CPU.ActiveCfg = Debug|Any CPU
		{8C8B8B7C-B614-40BC-8F02-3FF4BBED27EF}.Debug|Any CPU.Build.0 = Debug|Any CPU
		{8C8B8B7C-B614-40BC-8F02-3FF4BBED27EF}.Release|Any CPU.ActiveCfg = Release|Any CPU
		{8C8B8B7C-B614-40BC-8F02-3FF4BBED27EF}.Release|Any CPU.Build.0 = Release|Any CPU
		{7FE5B9BB-9016-4FC6-B218-85E05C0DF354}.Debug|Any CPU.ActiveCfg = Debug|Any CPU
		{7FE5B9BB-9016-4FC6-B218-85E05C0DF354}.Debug|Any CPU.Build.0 = Debug|Any CPU
		{7FE5B9BB-9016-4FC6-B218-85E05C0DF354}.Release|Any CPU.ActiveCfg = Release|Any CPU
		{7FE5B9BB-9016-4FC6-B218-85E05C0DF354}.Release|Any CPU.Build.0 = Release|Any CPU
		{E4B1F828-4EDD-43F8-A5CA-0664D9E8405C}.Debug|Any CPU.ActiveCfg = Debug|Any CPU
		{E4B1F828-4EDD-43F8-A5CA-0664D9E8405C}.Debug|Any CPU.Build.0 = Debug|Any CPU
		{E4B1F828-4EDD-43F8-A5CA-0664D9E8405C}.Release|Any CPU.ActiveCfg = Release|Any CPU
		{E4B1F828-4EDD-43F8-A5CA-0664D9E8405C}.Release|Any CPU.Build.0 = Release|Any CPU
		{B4BD4E08-3DA8-44EE-A561-74FBD531EEAD}.Debug|Any CPU.ActiveCfg = Debug|Any CPU
		{B4BD4E08-3DA8-44EE-A561-74FBD531EEAD}.Debug|Any CPU.Build.0 = Debug|Any CPU
		{B4BD4E08-3DA8-44EE-A561-74FBD531EEAD}.Release|Any CPU.ActiveCfg = Release|Any CPU
		{B4BD4E08-3DA8-44EE-A561-74FBD531EEAD}.Release|Any CPU.Build.0 = Release|Any CPU
		{F22B92C0-E93E-4B07-ACCE-EA1EDCFE82D7}.Debug|Any CPU.ActiveCfg = Debug|Any CPU
		{F22B92C0-E93E-4B07-ACCE-EA1EDCFE82D7}.Debug|Any CPU.Build.0 = Debug|Any CPU
		{F22B92C0-E93E-4B07-ACCE-EA1EDCFE82D7}.Release|Any CPU.ActiveCfg = Release|Any CPU
		{F22B92C0-E93E-4B07-ACCE-EA1EDCFE82D7}.Release|Any CPU.Build.0 = Release|Any CPU
		{2400C245-0B8A-49A8-9534-A2546A4EE1C2}.Debug|Any CPU.ActiveCfg = Debug|Any CPU
		{2400C245-0B8A-49A8-9534-A2546A4EE1C2}.Debug|Any CPU.Build.0 = Debug|Any CPU
		{2400C245-0B8A-49A8-9534-A2546A4EE1C2}.Release|Any CPU.ActiveCfg = Release|Any CPU
		{2400C245-0B8A-49A8-9534-A2546A4EE1C2}.Release|Any CPU.Build.0 = Release|Any CPU
		{293EB30F-72D6-4D36-B384-7DA839DAD5EC}.Debug|Any CPU.ActiveCfg = Debug|Any CPU
		{293EB30F-72D6-4D36-B384-7DA839DAD5EC}.Debug|Any CPU.Build.0 = Debug|Any CPU
		{293EB30F-72D6-4D36-B384-7DA839DAD5EC}.Release|Any CPU.ActiveCfg = Release|Any CPU
		{293EB30F-72D6-4D36-B384-7DA839DAD5EC}.Release|Any CPU.Build.0 = Release|Any CPU
	EndGlobalSection
	GlobalSection(SolutionProperties) = preSolution
		HideSolutionNode = FALSE
	EndGlobalSection
	GlobalSection(NestedProjects) = preSolution
		{8C8B8B7C-B614-40BC-8F02-3FF4BBED27EF} = {7BBA1A62-6F35-4F63-9946-32A84791165F}
	EndGlobalSection
	GlobalSection(ExtensibilityGlobals) = postSolution
		SolutionGuid = {CA0D0A35-80ED-4375-AF78-BC74228BB5C4}
	EndGlobalSection
EndGlobal
